<Solution>
  <Project Path="Cipher_Notes.Core/Cipher_Notes.Core.csproj" Id="3cf2739c-b5c4-4354-8325-0c45e4f7b17e" />
  <Project Path="Cipher_Notes.Tests/Cipher_Notes.Tests.csproj" Id="a6c8fa41-0179-456a-8f82-5cffdbacbffd" />
  <Project Path="Cipher_Notes/Cipher_Notes.csproj">
    <Deploy Solution="Debug|*" />
  </Project>
</Solution>
